// !$*UTF8*$!
{
	archiveVersion = 1;
	classes = {
	};
	objectVersion = 50;
	objects = {

/* Begin PBXBuildFile section */
		4D84C63D222E95C600DC75EF /* ProfileModel.swift in Sources */ = {isa = PBXBuildFile; fileRef = 4D84C63C222E95C600DC75EF /* ProfileModel.swift */; };
		4D84C63F222E960400DC75EF /* ProfileViewController.swift in Sources */ = {isa = PBXBuildFile; fileRef = 4D84C63E222E960400DC75EF /* ProfileViewController.swift */; };
		4D84C641222E962D00DC75EF /* ProfileViewModel.swift in Sources */ = {isa = PBXBuildFile; fileRef = 4D84C640222E962D00DC75EF /* ProfileViewModel.swift */; };
		4DB4D92F221EBF490019F972 /* AppDelegate.swift in Sources */ = {isa = PBXBuildFile; fileRef = 4DB4D92E221EBF490019F972 /* AppDelegate.swift */; };
		4DB4D931221EBF490019F972 /* ViewController.swift in Sources */ = {isa = PBXBuildFile; fileRef = 4DB4D930221EBF490019F972 /* ViewController.swift */; };
		4DB4D934221EBF490019F972 /* Main.storyboard in Resources */ = {isa = PBXBuildFile; fileRef = 4DB4D932221EBF490019F972 /* Main.storyboard */; };
		4DB4D937221EBF490019F972 /* WhyUseMVVM.xcdatamodeld in Sources */ = {isa = PBXBuildFile; fileRef = 4DB4D935221EBF490019F972 /* WhyUseMVVM.xcdatamodeld */; };
		4DB4D939221EBF4A0019F972 /* Assets.xcassets in Resources */ = {isa = PBXBuildFile; fileRef = 4DB4D938221EBF4A0019F972 /* Assets.xcassets */; };
		4DB4D93C221EBF4A0019F972 /* LaunchScreen.storyboard in Resources */ = {isa = PBXBuildFile; fileRef = 4DB4D93A221EBF4A0019F972 /* LaunchScreen.storyboard */; };
		4DB4D947221EBF4A0019F972 /* WhyUseMVVMTests.swift in Sources */ = {isa = PBXBuildFile; fileRef = 4DB4D946221EBF4A0019F972 /* WhyUseMVVMTests.swift */; };
		4DB4D952221EBF4A0019F972 /* WhyUseMVVMUITests.swift in Sources */ = {isa = PBXBuildFile; fileRef = 4DB4D951221EBF4A0019F972 /* WhyUseMVVMUITests.swift */; };
/* End PBXBuildFile section */

/* Begin PBXContainerItemProxy section */
		4DB4D943221EBF4A0019F972 /* PBXContainerItemProxy */ = {
			isa = PBXContainerItemProxy;
			containerPortal = 4DB4D923221EBF490019F972 /* Project object */;
			proxyType = 1;
			remoteGlobalIDString = 4DB4D92A221EBF490019F972;
			remoteInfo = WhyUseMVVM;
		};
		4DB4D94E221EBF4A0019F972 /* PBXContainerItemProxy */ = {
			isa = PBXContainerItemProxy;
			containerPortal = 4DB4D923221EBF490019F972 /* Project object */;
			proxyType = 1;
			remoteGlobalIDString = 4DB4D92A221EBF490019F972;
			remoteInfo = WhyUseMVVM;
		};
/* End PBXContainerItemProxy section */

/* Begin PBXFileReference section */
		4D84C63C222E95C600DC75EF /* ProfileModel.swift */ = {isa = PBXFileReference; lastKnownFileType = sourcecode.swift; path = ProfileModel.swift; sourceTree = "<group>"; };
		4D84C63E222E960400DC75EF /* ProfileViewController.swift */ = {isa = PBXFileReference; lastKnownFileType = sourcecode.swift; path = ProfileViewController.swift; sourceTree = "<group>"; };
		4D84C640222E962D00DC75EF /* ProfileViewModel.swift */ = {isa = PBXFileReference; lastKnownFileType = sourcecode.swift; path = ProfileViewModel.swift; sourceTree = "<group>"; };
		4DB4D92B221EBF490019F972 /* WhyUseMVVM.app */ = {isa = PBXFileReference; explicitFileType = wrapper.application; includeInIndex = 0; path = WhyUseMVVM.app; sourceTree = BUILT_PRODUCTS_DIR; };
		4DB4D92E221EBF490019F972 /* AppDelegate.swift */ = {isa = PBXFileReference; lastKnownFileType = sourcecode.swift; path = AppDelegate.swift; sourceTree = "<group>"; };
		4DB4D930221EBF490019F972 /* ViewController.swift */ = {isa = PBXFileReference; lastKnownFileType = sourcecode.swift; path = ViewController.swift; sourceTree = "<group>"; };
		4DB4D933221EBF490019F972 /* Base */ = {isa = PBXFileReference; lastKnownFileType = file.storyboard; name = Base; path = Base.lproj/Main.storyboard; sourceTree = "<group>"; };
		4DB4D936221EBF490019F972 /* WhyUseMVVM.xcdatamodel */ = {isa = PBXFileReference; lastKnownFileType = wrapper.xcdatamodel; path = WhyUseMVVM.xcdatamodel; sourceTree = "<group>"; };
		4DB4D938221EBF4A0019F972 /* Assets.xcassets */ = {isa = PBXFileReference; lastKnownFileType = folder.assetcatalog; path = Assets.xcassets; sourceTree = "<group>"; };
		4DB4D93B221EBF4A0019F972 /* Base */ = {isa = PBXFileReference; lastKnownFileType = file.storyboard; name = Base; path = Base.lproj/LaunchScreen.storyboard; sourceTree = "<group>"; };
		4DB4D93D221EBF4A0019F972 /* Info.plist */ = {isa = PBXFileReference; lastKnownFileType = text.plist.xml; path = Info.plist; sourceTree = "<group>"; };
		4DB4D942221EBF4A0019F972 /* WhyUseMVVMTests.xctest */ = {isa = PBXFileReference; explicitFileType = wrapper.cfbundle; includeInIndex = 0; path = WhyUseMVVMTests.xctest; sourceTree = BUILT_PRODUCTS_DIR; };
		4DB4D946221EBF4A0019F972 /* WhyUseMVVMTests.swift */ = {isa = PBXFileReference; lastKnownFileType = sourcecode.swift; path = WhyUseMVVMTests.swift; sourceTree = "<group>"; };
		4DB4D948221EBF4A0019F972 /* Info.plist */ = {isa = PBXFileReference; lastKnownFileType = text.plist.xml; path = Info.plist; sourceTree = "<group>"; };
		4DB4D94D221EBF4A0019F972 /* WhyUseMVVMUITests.xctest */ = {isa = PBXFileReference; explicitFileType = wrapper.cfbundle; includeInIndex = 0; path = WhyUseMVVMUITests.xctest; sourceTree = BUILT_PRODUCTS_DIR; };
		4DB4D951221EBF4A0019F972 /* WhyUseMVVMUITests.swift */ = {isa = PBXFileReference; lastKnownFileType = sourcecode.swift; path = WhyUseMVVMUITests.swift; sourceTree = "<group>"; };
		4DB4D953221EBF4A0019F972 /* Info.plist */ = {isa = PBXFileReference; lastKnownFileType = text.plist.xml; path = Info.plist; sourceTree = "<group>"; };
/* End PBXFileReference section */

/* Begin PBXFrameworksBuildPhase section */
		4DB4D928221EBF490019F972 /* Frameworks */ = {
			isa = PBXFrameworksBuildPhase;
			buildActionMask = 2147483647;
			files = (
			);
			runOnlyForDeploymentPostprocessing = 0;
		};
		4DB4D93F221EBF4A0019F972 /* Frameworks */ = {
			isa = PBXFrameworksBuildPhase;
			buildActionMask = 2147483647;
			files = (
			);
			runOnlyForDeploymentPostprocessing = 0;
		};
		4DB4D94A221EBF4A0019F972 /* Frameworks */ = {
			isa = PBXFrameworksBuildPhase;
			buildActionMask = 2147483647;
			files = (
			);
			runOnlyForDeploymentPostprocessing = 0;
		};
/* End PBXFrameworksBuildPhase section */

/* Begin PBXGroup section */
		4D524E58221EF99A00C6A735 /* SupportFiles */ = {
			isa = PBXGroup;
			children = (
				4DB4D92E221EBF490019F972 /* AppDelegate.swift */,
				4DB4D93A221EBF4A0019F972 /* LaunchScreen.storyboard */,
				4DB4D932221EBF490019F972 /* Main.storyboard */,
				4DB4D93D221EBF4A0019F972 /* Info.plist */,
				4DB4D938221EBF4A0019F972 /* Assets.xcassets */,
				4DB4D935221EBF490019F972 /* WhyUseMVVM.xcdatamodeld */,
			);
			path = SupportFiles;
			sourceTree = "<group>";
		};
		4D84C639222E956E00DC75EF /* Models */ = {
			isa = PBXGroup;
			children = (
				4D84C63C222E95C600DC75EF /* ProfileModel.swift */,
			);
			path = Models;
			sourceTree = "<group>";
		};
		4D84C63A222E957700DC75EF /* Views */ = {
			isa = PBXGroup;
			children = (
				4D84C63E222E960400DC75EF /* ProfileViewController.swift */,
			);
			path = Views;
			sourceTree = "<group>";
		};
		4D84C63B222E958300DC75EF /* ViewModels */ = {
			isa = PBXGroup;
			children = (
				4D84C640222E962D00DC75EF /* ProfileViewModel.swift */,
			);
			path = ViewModels;
			sourceTree = "<group>";
		};
		4DB4D922221EBF490019F972 = {
			isa = PBXGroup;
			children = (
				4DB4D92D221EBF490019F972 /* WhyUseMVVM */,
				4DB4D945221EBF4A0019F972 /* WhyUseMVVMTests */,
				4DB4D950221EBF4A0019F972 /* WhyUseMVVMUITests */,
				4DB4D92C221EBF490019F972 /* Products */,
			);
			sourceTree = "<group>";
		};
		4DB4D92C221EBF490019F972 /* Products */ = {
			isa = PBXGroup;
			children = (
				4DB4D92B221EBF490019F972 /* WhyUseMVVM.app */,
				4DB4D942221EBF4A0019F972 /* WhyUseMVVMTests.xctest */,
				4DB4D94D221EBF4A0019F972 /* WhyUseMVVMUITests.xctest */,
			);
			name = Products;
			sourceTree = "<group>";
		};
		4DB4D92D221EBF490019F972 /* WhyUseMVVM */ = {
			isa = PBXGroup;
			children = (
				4D84C639222E956E00DC75EF /* Models */,
				4D84C63A222E957700DC75EF /* Views */,
				4D84C63B222E958300DC75EF /* ViewModels */,
				4D524E58221EF99A00C6A735 /* SupportFiles */,
				4DB4D930221EBF490019F972 /* ViewController.swift */,
			);
			path = WhyUseMVVM;
			sourceTree = "<group>";
		};
		4DB4D945221EBF4A0019F972 /* WhyUseMVVMTests */ = {
			isa = PBXGroup;
			children = (
				4DB4D946221EBF4A0019F972 /* WhyUseMVVMTests.swift */,
				4DB4D948221EBF4A0019F972 /* Info.plist */,
			);
			path = WhyUseMVVMTests;
			sourceTree = "<group>";
		};
		4DB4D950221EBF4A0019F972 /* WhyUseMVVMUITests */ = {
			isa = PBXGroup;
			children = (
				4DB4D951221EBF4A0019F972 /* WhyUseMVVMUITests.swift */,
				4DB4D953221EBF4A0019F972 /* Info.plist */,
			);
			path = WhyUseMVVMUITests;
			sourceTree = "<group>";
		};
/* End PBXGroup section */

/* Begin PBXNativeTarget section */
		4DB4D92A221EBF490019F972 /* WhyUseMVVM */ = {
			isa = PBXNativeTarget;
			buildConfigurationList = 4DB4D956221EBF4A0019F972 /* Build configuration list for PBXNativeTarget "WhyUseMVVM" */;
			buildPhases = (
				4DB4D927221EBF490019F972 /* Sources */,
				4DB4D928221EBF490019F972 /* Frameworks */,
				4DB4D929221EBF490019F972 /* Resources */,
			);
			buildRules = (
			);
			dependencies = (
			);
			name = WhyUseMVVM;
			productName = WhyUseMVVM;
			productReference = 4DB4D92B221EBF490019F972 /* WhyUseMVVM.app */;
			productType = "com.apple.product-type.application";
		};
		4DB4D941221EBF4A0019F972 /* WhyUseMVVMTests */ = {
			isa = PBXNativeTarget;
			buildConfigurationList = 4DB4D959221EBF4A0019F972 /* Build configuration list for PBXNativeTarget "WhyUseMVVMTests" */;
			buildPhases = (
				4DB4D93E221EBF4A0019F972 /* Sources */,
				4DB4D93F221EBF4A0019F972 /* Frameworks */,
				4DB4D940221EBF4A0019F972 /* Resources */,
			);
			buildRules = (
			);
			dependencies = (
				4DB4D944221EBF4A0019F972 /* PBXTargetDependency */,
			);
			name = WhyUseMVVMTests;
			productName = WhyUseMVVMTests;
			productReference = 4DB4D942221EBF4A0019F972 /* WhyUseMVVMTests.xctest */;
			productType = "com.apple.product-type.bundle.unit-test";
		};
		4DB4D94C221EBF4A0019F972 /* WhyUseMVVMUITests */ = {
			isa = PBXNativeTarget;
			buildConfigurationList = 4DB4D95C221EBF4A0019F972 /* Build configuration list for PBXNativeTarget "WhyUseMVVMUITests" */;
			buildPhases = (
				4DB4D949221EBF4A0019F972 /* Sources */,
				4DB4D94A221EBF4A0019F972 /* Frameworks */,
				4DB4D94B221EBF4A0019F972 /* Resources */,
			);
			buildRules = (
			);
			dependencies = (
				4DB4D94F221EBF4A0019F972 /* PBXTargetDependency */,
			);
			name = WhyUseMVVMUITests;
			productName = WhyUseMVVMUITests;
			productReference = 4DB4D94D221EBF4A0019F972 /* WhyUseMVVMUITests.xctest */;
			productType = "com.apple.product-type.bundle.ui-testing";
		};
/* End PBXNativeTarget section */

/* Begin PBXProject section */
		4DB4D923221EBF490019F972 /* Project object */ = {
			isa = PBXProject;
			attributes = {
				LastSwiftUpdateCheck = 1010;
				LastUpgradeCheck = 1010;
				ORGANIZATIONNAME = "Mohamed Rabie";
				TargetAttributes = {
					4DB4D92A221EBF490019F972 = {
						CreatedOnToolsVersion = 10.1;
					};
					4DB4D941221EBF4A0019F972 = {
						CreatedOnToolsVersion = 10.1;
						TestTargetID = 4DB4D92A221EBF490019F972;
					};
					4DB4D94C221EBF4A0019F972 = {
						CreatedOnToolsVersion = 10.1;
						TestTargetID = 4DB4D92A221EBF490019F972;
					};
				};
			};
			buildConfigurationList = 4DB4D926221EBF490019F972 /* Build configuration list for PBXProject "WhyUseMVVM" */;
			compatibilityVersion = "Xcode 9.3";
			developmentRegion = en;
			hasScannedForEncodings = 0;
			knownRegions = (
				en,
				Base,
			);
			mainGroup = 4DB4D922221EBF490019F972;
			productRefGroup = 4DB4D92C221EBF490019F972 /* Products */;
			projectDirPath = "";
			projectRoot = "";
			targets = (
				4DB4D92A221EBF490019F972 /* WhyUseMVVM */,
				4DB4D941221EBF4A0019F972 /* WhyUseMVVMTests */,
				4DB4D94C221EBF4A0019F972 /* WhyUseMVVMUITests */,
			);
		};
/* End PBXProject section */

/* Begin PBXResourcesBuildPhase section */
		4DB4D929221EBF490019F972 /* Resources */ = {
			isa = PBXResourcesBuildPhase;
			buildActionMask = 2147483647;
			files = (
				4DB4D93C221EBF4A0019F972 /* LaunchScreen.storyboard in Resources */,
				4DB4D939221EBF4A0019F972 /* Assets.xcassets in Resources */,
				4DB4D934221EBF490019F972 /* Main.storyboard in Resources */,
			);
			runOnlyForDeploymentPostprocessing = 0;
		};
		4DB4D940221EBF4A0019F972 /* Resources */ = {
			isa = PBXResourcesBuildPhase;
			buildActionMask = 2147483647;
			files = (
			);
			runOnlyForDeploymentPostprocessing = 0;
		};
		4DB4D94B221EBF4A0019F972 /* Resources */ = {
			isa = PBXResourcesBuildPhase;
			buildActionMask = 2147483647;
			files = (
			);
			runOnlyForDeploymentPostprocessing = 0;
		};
/* End PBXResourcesBuildPhase section */

/* Begin PBXSourcesBuildPhase section */
		4DB4D927221EBF490019F972 /* Sources */ = {
			isa = PBXSourcesBuildPhase;
			buildActionMask = 2147483647;
			files = (
				4D84C641222E962D00DC75EF /* ProfileViewModel.swift in Sources */,
				4DB4D937221EBF490019F972 /* WhyUseMVVM.xcdatamodeld in Sources */,
				4DB4D931221EBF490019F972 /* ViewController.swift in Sources */,
				4D84C63F222E960400DC75EF /* ProfileViewController.swift in Sources */,
				4DB4D92F221EBF490019F972 /* AppDelegate.swift in Sources */,
				4D84C63D222E95C600DC75EF /* ProfileModel.swift in Sources */,
			);
			runOnlyForDeploymentPostprocessing = 0;
		};
		4DB4D93E221EBF4A0019F972 /* Sources */ = {
			isa = PBXSourcesBuildPhase;
			buildActionMask = 2147483647;
			files = (
				4DB4D947221EBF4A0019F972 /* WhyUseMVVMTests.swift in Sources */,
			);
			runOnlyForDeploymentPostprocessing = 0;
		};
		4DB4D949221EBF4A0019F972 /* Sources */ = {
			isa = PBXSourcesBuildPhase;
			buildActionMask = 2147483647;
			files = (
				4DB4D952221EBF4A0019F972 /* WhyUseMVVMUITests.swift in Sources */,
			);
			runOnlyForDeploymentPostprocessing = 0;
		};
/* End PBXSourcesBuildPhase section */

/* Begin PBXTargetDependency section */
		4DB4D944221EBF4A0019F972 /* PBXTargetDependency */ = {
			isa = PBXTargetDependency;
			target = 4DB4D92A221EBF490019F972 /* WhyUseMVVM */;
			targetProxy = 4DB4D943221EBF4A0019F972 /* PBXContainerItemProxy */;
		};
		4DB4D94F221EBF4A0019F972 /* PBXTargetDependency */ = {
			isa = PBXTargetDependency;
			target = 4DB4D92A221EBF490019F972 /* WhyUseMVVM */;
			targetProxy = 4DB4D94E221EBF4A0019F972 /* PBXContainerItemProxy */;
		};
/* End PBXTargetDependency section */

/* Begin PBXVariantGroup section */
		4DB4D932221EBF490019F972 /* Main.storyboard */ = {
			isa = PBXVariantGroup;
			children = (
				4DB4D933221EBF490019F972 /* Base */,
			);
			name = Main.storyboard;
			sourceTree = "<group>";
		};
		4DB4D93A221EBF4A0019F972 /* LaunchScreen.storyboard */ = {
			isa = PBXVariantGroup;
			children = (
				4DB4D93B221EBF4A0019F972 /* Base */,
			);
			name = LaunchScreen.storyboard;
			sourceTree = "<group>";
		};
/* End PBXVariantGroup section */

/* Begin XCBuildConfiguration section */
		4DB4D954221EBF4A0019F972 /* Debug */ = {
			isa = XCBuildConfiguration;
			buildSettings = {
				ALWAYS_SEARCH_USER_PATHS = NO;
				CLANG_ANALYZER_NONNULL = YES;
				CLANG_ANALYZER_NUMBER_OBJECT_CONVERSION = YES_AGGRESSIVE;
				CLANG_CXX_LANGUAGE_STANDARD = "gnu++14";
				CLANG_CXX_LIBRARY = "libc++";
				CLANG_ENABLE_MODULES = YES;
				CLANG_ENABLE_OBJC_ARC = YES;
				CLANG_ENABLE_OBJC_WEAK = YES;
				CLANG_WARN_BLOCK_CAPTURE_AUTORELEASING = YES;
				CLANG_WARN_BOOL_CONVERSION = YES;
				CLANG_WARN_COMMA = YES;
				CLANG_WARN_CONSTANT_CONVERSION = YES;
				CLANG_WARN_DEPRECATED_OBJC_IMPLEMENTATIONS = YES;
				CLANG_WARN_DIRECT_OBJC_ISA_USAGE = YES_ERROR;
				CLANG_WARN_DOCUMENTATION_COMMENTS = YES;
				CLANG_WARN_EMPTY_BODY = YES;
				CLANG_WARN_ENUM_CONVERSION = YES;
				CLANG_WARN_INFINITE_RECURSION = YES;
				CLANG_WARN_INT_CONVERSION = YES;
				CLANG_WARN_NON_LITERAL_NULL_CONVERSION = YES;
				CLANG_WARN_OBJC_IMPLICIT_RETAIN_SELF = YES;
				CLANG_WARN_OBJC_LITERAL_CONVERSION = YES;
				CLANG_WARN_OBJC_ROOT_CLASS = YES_ERROR;
				CLANG_WARN_RANGE_LOOP_ANALYSIS = YES;
				CLANG_WARN_STRICT_PROTOTYPES = YES;
				CLANG_WARN_SUSPICIOUS_MOVE = YES;
				CLANG_WARN_UNGUARDED_AVAILABILITY = YES_AGGRESSIVE;
				CLANG_WARN_UNREACHABLE_CODE = YES;
				CLANG_WARN__DUPLICATE_METHOD_MATCH = YES;
				CODE_SIGN_IDENTITY = "iPhone Developer";
				COPY_PHASE_STRIP = NO;
				DEBUG_INFORMATION_FORMAT = dwarf;
				ENABLE_STRICT_OBJC_MSGSEND = YES;
				ENABLE_TESTABILITY = YES;
				GCC_C_LANGUAGE_STANDARD = gnu11;
				GCC_DYNAMIC_NO_PIC = NO;
				GCC_NO_COMMON_BLOCKS = YES;
				GCC_OPTIMIZATION_LEVEL = 0;
				GCC_PREPROCESSOR_DEFINITIONS = (
					"DEBUG=1",
					"$(inherited)",
				);
				GCC_WARN_64_TO_32_BIT_CONVERSION = YES;
				GCC_WARN_ABOUT_RETURN_TYPE = YES_ERROR;
				GCC_WARN_UNDECLARED_SELECTOR = YES;
				GCC_WARN_UNINITIALIZED_AUTOS = YES_AGGRESSIVE;
				GCC_WARN_UNUSED_FUNCTION = YES;
				GCC_WARN_UNUSED_VARIABLE = YES;
				IPHONEOS_DEPLOYMENT_TARGET = 12.1;
				MTL_ENABLE_DEBUG_INFO = INCLUDE_SOURCE;
				MTL_FAST_MATH = YES;
				ONLY_ACTIVE_ARCH = YES;
				SDKROOT = iphoneos;
				SWIFT_ACTIVE_COMPILATION_CONDITIONS = DEBUG;
				SWIFT_OPTIMIZATION_LEVEL = "-Onone";
			};
			name = Debug;
		};
		4DB4D955221EBF4A0019F972 /* Release */ = {
			isa = XCBuildConfiguration;
			buildSettings = {
				ALWAYS_SEARCH_USER_PATHS = NO;
				CLANG_ANALYZER_NONNULL = YES;
				CLANG_ANALYZER_NUMBER_OBJECT_CONVERSION = YES_AGGRESSIVE;
				CLANG_CXX_LANGUAGE_STANDARD = "gnu++14";
				CLANG_CXX_LIBRARY = "libc++";
				CLANG_ENABLE_MODULES = YES;
				CLANG_ENABLE_OBJC_ARC = YES;
				CLANG_ENABLE_OBJC_WEAK = YES;
				CLANG_WARN_BLOCK_CAPTURE_AUTORELEASING = YES;
				CLANG_WARN_BOOL_CONVERSION = YES;
				CLANG_WARN_COMMA = YES;
				CLANG_WARN_CONSTANT_CONVERSION = YES;
				CLANG_WARN_DEPRECATED_OBJC_IMPLEMENTATIONS = YES;
				CLANG_WARN_DIRECT_OBJC_ISA_USAGE = YES_ERROR;
				CLANG_WARN_DOCUMENTATION_COMMENTS = YES;
				CLANG_WARN_EMPTY_BODY = YES;
				CLANG_WARN_ENUM_CONVERSION = YES;
				CLANG_WARN_INFINITE_RECURSION = YES;
				CLANG_WARN_INT_CONVERSION = YES;
				CLANG_WARN_NON_LITERAL_NULL_CONVERSION = YES;
				CLANG_WARN_OBJC_IMPLICIT_RETAIN_SELF = YES;
				CLANG_WARN_OBJC_LITERAL_CONVERSION = YES;
				CLANG_WARN_OBJC_ROOT_CLASS = YES_ERROR;
				CLANG_WARN_RANGE_LOOP_ANALYSIS = YES;
				CLANG_WARN_STRICT_PROTOTYPES = YES;
				CLANG_WARN_SUSPICIOUS_MOVE = YES;
				CLANG_WARN_UNGUARDED_AVAILABILITY = YES_AGGRESSIVE;
				CLANG_WARN_UNREACHABLE_CODE = YES;
				CLANG_WARN__DUPLICATE_METHOD_MATCH = YES;
				CODE_SIGN_IDENTITY = "iPhone Developer";
				COPY_PHASE_STRIP = NO;
				DEBUG_INFORMATION_FORMAT = "dwarf-with-dsym";
				ENABLE_NS_ASSERTIONS = NO;
				ENABLE_STRICT_OBJC_MSGSEND = YES;
				GCC_C_LANGUAGE_STANDARD = gnu11;
				GCC_NO_COMMON_BLOCKS = YES;
				GCC_WARN_64_TO_32_BIT_CONVERSION = YES;
				GCC_WARN_ABOUT_RETURN_TYPE = YES_ERROR;
				GCC_WARN_UNDECLARED_SELECTOR = YES;
				GCC_WARN_UNINITIALIZED_AUTOS = YES_AGGRESSIVE;
				GCC_WARN_UNUSED_FUNCTION = YES;
				GCC_WARN_UNUSED_VARIABLE = YES;
				IPHONEOS_DEPLOYMENT_TARGET = 12.1;
				MTL_ENABLE_DEBUG_INFO = NO;
				MTL_FAST_MATH = YES;
				SDKROOT = iphoneos;
				SWIFT_COMPILATION_MODE = wholemodule;
				SWIFT_OPTIMIZATION_LEVEL = "-O";
				VALIDATE_PRODUCT = YES;
			};
			name = Release;
		};
		4DB4D957221EBF4A0019F972 /* Debug */ = {
			isa = XCBuildConfiguration;
			buildSettings = {
				ASSETCATALOG_COMPILER_APPICON_NAME = AppIcon;
				CODE_SIGN_STYLE = Automatic;
				DEVELOPMENT_TEAM = U6Z2MCMJT7;
				INFOPLIST_FILE = "$(SRCROOT)/WhyUseMVVM/SupportFiles/Info.plist";
				LD_RUNPATH_SEARCH_PATHS = (
					"$(inherited)",
					"@executable_path/Frameworks",
				);
				PRODUCT_BUNDLE_IDENTIFIER = com.MoRabie.WhyUseMVVM;
				PRODUCT_NAME = "$(TARGET_NAME)";
				SWIFT_VERSION = 4.2;
				TARGETED_DEVICE_FAMILY = "1,2";
			};
			name = Debug;
		};
		4DB4D958221EBF4A0019F972 /* Release */ = {
			isa = XCBuildConfiguration;
			buildSettings = {
				ASSETCATALOG_COMPILER_APPICON_NAME = AppIcon;
				CODE_SIGN_STYLE = Automatic;
				DEVELOPMENT_TEAM = U6Z2MCMJT7;
				INFOPLIST_FILE = "$(SRCROOT)/WhyUseMVVM/SupportFiles/Info.plist";
				LD_RUNPATH_SEARCH_PATHS = (
					"$(inherited)",
					"@executable_path/Frameworks",
				);
				PRODUCT_BUNDLE_IDENTIFIER = com.MoRabie.WhyUseMVVM;
				PRODUCT_NAME = "$(TARGET_NAME)";
				SWIFT_VERSION = 4.2;
				TARGETED_DEVICE_FAMILY = "1,2";
			};
			name = Release;
		};
		4DB4D95A221EBF4A0019F972 /* Debug */ = {
			isa = XCBuildConfiguration;
			buildSettings = {
				ALWAYS_EMBED_SWIFT_STANDARD_LIBRARIES = YES;
				BUNDLE_LOADER = "$(TEST_HOST)";
				CODE_SIGN_STYLE = Automatic;
				DEVELOPMENT_TEAM = U6Z2MCMJT7;
				INFOPLIST_FILE = WhyUseMVVMTests/Info.plist;
				LD_RUNPATH_SEARCH_PATHS = (
					"$(inherited)",
					"@executable_path/Frameworks",
					"@loader_path/Frameworks",
				);
				PRODUCT_BUNDLE_IDENTIFIER = com.MoRabie.WhyUseMVVMTests;
				PRODUCT_NAME = "$(TARGET_NAME)";
				SWIFT_VERSION = 4.2;
				TARGETED_DEVICE_FAMILY = "1,2";
				TEST_HOST = "$(BUILT_PRODUCTS_DIR)/WhyUseMVVM.app/WhyUseMVVM";
			};
			name = Debug;
		};
		4DB4D95B221EBF4A0019F972 /* Release */ = {
			isa = XCBuildConfiguration;
			buildSettings = {
				ALWAYS_EMBED_SWIFT_STANDARD_LIBRARIES = YES;
				BUNDLE_LOADER = "$(TEST_HOST)";
				CODE_SIGN_STYLE = Automatic;
				DEVELOPMENT_TEAM = U6Z2MCMJT7;
				INFOPLIST_FILE = WhyUseMVVMTests/Info.plist;
				LD_RUNPATH_SEARCH_PATHS = (
					"$(inherited)",
					"@executable_path/Frameworks",
					"@loader_path/Frameworks",
				);
				PRODUCT_BUNDLE_IDENTIFIER = com.MoRabie.WhyUseMVVMTests;
				PRODUCT_NAME = "$(TARGET_NAME)";
				SWIFT_VERSION = 4.2;
				TARGETED_DEVICE_FAMILY = "1,2";
				TEST_HOST = "$(BUILT_PRODUCTS_DIR)/WhyUseMVVM.app/WhyUseMVVM";
			};
			name = Release;
		};
		4DB4D95D221EBF4A0019F972 /* Debug */ = {
			isa = XCBuildConfiguration;
			buildSettings = {
				ALWAYS_EMBED_SWIFT_STANDARD_LIBRARIES = YES;
				CODE_SIGN_STYLE = Automatic;
				DEVELOPMENT_TEAM = U6Z2MCMJT7;
				INFOPLIST_FILE = WhyUseMVVMUITests/Info.plist;
				LD_RUNPATH_SEARCH_PATHS = (
					"$(inherited)",
					"@executable_path/Frameworks",
					"@loader_path/Frameworks",
				);
				PRODUCT_BUNDLE_IDENTIFIER = com.MoRabie.WhyUseMVVMUITests;
				PRODUCT_NAME = "$(TARGET_NAME)";
				SWIFT_VERSION = 4.2;
				TARGETED_DEVICE_FAMILY = "1,2";
				TEST_TARGET_NAME = WhyUseMVVM;
			};
			name = Debug;
		};
		4DB4D95E221EBF4A0019F972 /* Release */ = {
			isa = XCBuildConfiguration;
			buildSettings = {
				ALWAYS_EMBED_SWIFT_STANDARD_LIBRARIES = YES;
				CODE_SIGN_STYLE = Automatic;
				DEVELOPMENT_TEAM = U6Z2MCMJT7;
				INFOPLIST_FILE = WhyUseMVVMUITests/Info.plist;
				LD_RUNPATH_SEARCH_PATHS = (
					"$(inherited)",
					"@executable_path/Frameworks",
					"@loader_path/Frameworks",
				);
				PRODUCT_BUNDLE_IDENTIFIER = com.MoRabie.WhyUseMVVMUITests;
				PRODUCT_NAME = "$(TARGET_NAME)";
				SWIFT_VERSION = 4.2;
				TARGETED_DEVICE_FAMILY = "1,2";
				TEST_TARGET_NAME = WhyUseMVVM;
			};
			name = Release;
		};
/* End XCBuildConfiguration section */

/* Begin XCConfigurationList section */
		4DB4D926221EBF490019F972 /* Build configuration list for PBXProject "WhyUseMVVM" */ = {
			isa = XCConfigurationList;
			buildConfigurations = (
				4DB4D954221EBF4A0019F972 /* Debug */,
				4DB4D955221EBF4A0019F972 /* Release */,
			);
			defaultConfigurationIsVisible = 0;
			defaultConfigurationName = Release;
		};
		4DB4D956221EBF4A0019F972 /* Build configuration list for PBXNativeTarget "WhyUseMVVM" */ = {
			isa = XCConfigurationList;
			buildConfigurations = (
				4DB4D957221EBF4A0019F972 /* Debug */,
				4DB4D958221EBF4A0019F972 /* Release */,
			);
			defaultConfigurationIsVisible = 0;
			defaultConfigurationName = Release;
		};
		4DB4D959221EBF4A0019F972 /* Build configuration list for PBXNativeTarget "WhyUseMVVMTests" */ = {
			isa = XCConfigurationList;
			buildConfigurations = (
				4DB4D95A221EBF4A0019F972 /* Debug */,
				4DB4D95B221EBF4A0019F972 /* Release */,
			);
			defaultConfigurationIsVisible = 0;
			defaultConfigurationName = Release;
		};
		4DB4D95C221EBF4A0019F972 /* Build configuration list for PBXNativeTarget "WhyUseMVVMUITests" */ = {
			isa = XCConfigurationList;
			buildConfigurations = (
				4DB4D95D221EBF4A0019F972 /* Debug */,
				4DB4D95E221EBF4A0019F972 /* Release */,
			);
			defaultConfigurationIsVisible = 0;
			defaultConfigurationName = Release;
		};
/* End XCConfigurationList section */

/* Begin XCVersionGroup section */
		4DB4D935221EBF490019F972 /* WhyUseMVVM.xcdatamodeld */ = {
			isa = XCVersionGroup;
			children = (
				4DB4D936221EBF490019F972 /* WhyUseMVVM.xcdatamodel */,
			);
			currentVersion = 4DB4D936221EBF490019F972 /* WhyUseMVVM.xcdatamodel */;
			path = WhyUseMVVM.xcdatamodeld;
			sourceTree = "<group>";
			versionGroupType = wrapper.xcdatamodel;
		};
/* End XCVersionGroup section */
	};
	rootObject = 4DB4D923221EBF490019F972 /* Project object */;
}
